
Microsoft Visual Studio Solution File, Format Version 12.00
# Visual Studio Version 17
VisualStudioVersion = 17.2.32616.157
MinimumVisualStudioVersion = 10.0.40219.1
Project("{FAE04EC0-301F-11D3-BF4B-00C04F79EFBC}") = "PetuxeToZwaki", "PetuxeToZwaki\PetuxeToZwaki.csproj", "{E9CA05BD-6789-4D23-B107-A3E649433D1E}"
EndProject
Global
	GlobalSection(SolutionConfigurationPlatforms) = preSolution
		Debug|Any CPU = Debug|Any CPU
		Release|Any CPU = Release|Any CPU
	EndGlobalSection
	GlobalSection(ProjectConfigurationPlatforms) = postSolution
		{E9CA05BD-6789-4D23-B107-A3E649433D1E}.Debug|Any CPU.ActiveCfg = Debug|Any CPU
		{E9CA05BD-6789-4D23-B107-A3E649433D1E}.Debug|Any CPU.Build.0 = Debug|Any CPU
		{E9CA05BD-6789-4D23-B107-A3E649433D1E}.Release|Any CPU.ActiveCfg = Release|Any CPU
		{E9CA05BD-6789-4D23-B107-A3E649433D1E}.Release|Any CPU.Build.0 = Release|Any CPU
	EndGlobalSection
	GlobalSection(SolutionProperties) = preSolution
		HideSolutionNode = FALSE
	EndGlobalSection
	GlobalSection(ExtensibilityGlobals) = postSolution
		SolutionGuid = {83F9C661-D061-416E-A7BA-B797758DD871}
	EndGlobalSection
EndGlobal
